
Microsoft Visual Studio Solution File, Format Version 12.00
# Visual Studio Version 17
VisualStudioVersion = 17.1.32319.34
MinimumVisualStudioVersion = 10.0.40219.1
Project("{FAE04EC0-301F-11D3-BF4B-00C04F79EFBC}") = "FactoryMethod", "FactoryMethod\FactoryMethod.csproj", "{DB6289CD-FE3C-4EF0-B74D-55D9AD989935}"
EndProject
Global
	GlobalSection(SolutionConfigurationPlatforms) = preSolution
		Debug|Any CPU = Debug|Any CPU
		Release|Any CPU = Release|Any CPU
	EndGlobalSection
	GlobalSection(ProjectConfigurationPlatforms) = postSolution
		{DB6289CD-FE3C-4EF0-B74D-55D9AD989935}.Debug|Any CPU.ActiveCfg = Debug|Any CPU
		{DB6289CD-FE3C-4EF0-B74D-55D9AD989935}.Debug|Any CPU.Build.0 = Debug|Any CPU
		{DB6289CD-FE3C-4EF0-B74D-55D9AD989935}.Release|Any CPU.ActiveCfg = Release|Any CPU
		{DB6289CD-FE3C-4EF0-B74D-55D9AD989935}.Release|Any CPU.Build.0 = Release|Any CPU
	EndGlobalSection
	GlobalSection(SolutionProperties) = preSolution
		HideSolutionNode = FALSE
	EndGlobalSection
	GlobalSection(ExtensibilityGlobals) = postSolution
		SolutionGuid = {52A9B863-FA8E-4860-8048-39F0CC55A72C}
	EndGlobalSection
EndGlobal
